// !$*UTF8*$!
{
	archiveVersion = 1;
	classes = {
	};
	objectVersion = 46;
	objects = {

/* Begin PBXBuildFile section */
		415D89732010E92400ACA070 /* CarLocationPin.swift in Sources */ = {isa = PBXBuildFile; fileRef = 415D89722010E92400ACA070 /* CarLocationPin.swift */; };
		415D89762011117C00ACA070 /* PlaceMarker.swift in Sources */ = {isa = PBXBuildFile; fileRef = 415D89752011117C00ACA070 /* PlaceMarker.swift */; };
		415D8978201127C900ACA070 /* PlaceMarkersController.swift in Sources */ = {isa = PBXBuildFile; fileRef = 415D8977201127C900ACA070 /* PlaceMarkersController.swift */; };
		84B3D221201098BA00D8547E /* AppDelegate.swift in Sources */ = {isa = PBXBuildFile; fileRef = 84B3D220201098BA00D8547E /* AppDelegate.swift */; };
		84B3D223201098BA00D8547E /* MapViewController.swift in Sources */ = {isa = PBXBuildFile; fileRef = 84B3D222201098BA00D8547E /* MapViewController.swift */; };
		84B3D225201098BA00D8547E /* TableViewController.swift in Sources */ = {isa = PBXBuildFile; fileRef = 84B3D224201098BA00D8547E /* TableViewController.swift */; };
		84B3D228201098BA00D8547E /* Main.storyboard in Resources */ = {isa = PBXBuildFile; fileRef = 84B3D226201098BA00D8547E /* Main.storyboard */; };
		84B3D22A201098BA00D8547E /* Assets.xcassets in Resources */ = {isa = PBXBuildFile; fileRef = 84B3D229201098BA00D8547E /* Assets.xcassets */; };
		84B3D22D201098BA00D8547E /* LaunchScreen.storyboard in Resources */ = {isa = PBXBuildFile; fileRef = 84B3D22B201098BA00D8547E /* LaunchScreen.storyboard */; };
		84B3D2362010990400D8547E /* MapKit.framework in Frameworks */ = {isa = PBXBuildFile; fileRef = 84B3D2352010990400D8547E /* MapKit.framework */; };
		84B3D23820109BF000D8547E /* CarCell.swift in Sources */ = {isa = PBXBuildFile; fileRef = 84B3D23720109BF000D8547E /* CarCell.swift */; };
/* End PBXBuildFile section */

/* Begin PBXFileReference section */
		415D89722010E92400ACA070 /* CarLocationPin.swift */ = {isa = PBXFileReference; fileEncoding = 4; lastKnownFileType = sourcecode.swift; path = CarLocationPin.swift; sourceTree = "<group>"; };
		415D89752011117C00ACA070 /* PlaceMarker.swift */ = {isa = PBXFileReference; fileEncoding = 4; lastKnownFileType = sourcecode.swift; path = PlaceMarker.swift; sourceTree = "<group>"; };
		415D8977201127C900ACA070 /* PlaceMarkersController.swift */ = {isa = PBXFileReference; fileEncoding = 4; lastKnownFileType = sourcecode.swift; path = PlaceMarkersController.swift; sourceTree = "<group>"; };
		84B3D21D201098BA00D8547E /* LocateCar.app */ = {isa = PBXFileReference; explicitFileType = wrapper.application; includeInIndex = 0; path = LocateCar.app; sourceTree = BUILT_PRODUCTS_DIR; };
		84B3D220201098BA00D8547E /* AppDelegate.swift */ = {isa = PBXFileReference; lastKnownFileType = sourcecode.swift; path = AppDelegate.swift; sourceTree = "<group>"; };
		84B3D222201098BA00D8547E /* MapViewController.swift */ = {isa = PBXFileReference; lastKnownFileType = sourcecode.swift; path = MapViewController.swift; sourceTree = "<group>"; };
		84B3D224201098BA00D8547E /* TableViewController.swift */ = {isa = PBXFileReference; lastKnownFileType = sourcecode.swift; path = TableViewController.swift; sourceTree = "<group>"; };
		84B3D227201098BA00D8547E /* Base */ = {isa = PBXFileReference; lastKnownFileType = file.storyboard; name = Base; path = Base.lproj/Main.storyboard; sourceTree = "<group>"; };
		84B3D229201098BA00D8547E /* Assets.xcassets */ = {isa = PBXFileReference; lastKnownFileType = folder.assetcatalog; path = Assets.xcassets; sourceTree = "<group>"; };
		84B3D22C201098BA00D8547E /* Base */ = {isa = PBXFileReference; lastKnownFileType = file.storyboard; name = Base; path = Base.lproj/LaunchScreen.storyboard; sourceTree = "<group>"; };
		84B3D22E201098BB00D8547E /* Info.plist */ = {isa = PBXFileReference; lastKnownFileType = text.plist.xml; path = Info.plist; sourceTree = "<group>"; };
		84B3D2352010990400D8547E /* MapKit.framework */ = {isa = PBXFileReference; lastKnownFileType = wrapper.framework; name = MapKit.framework; path = System/Library/Frameworks/MapKit.framework; sourceTree = SDKROOT; };
		84B3D23720109BF000D8547E /* CarCell.swift */ = {isa = PBXFileReference; fileEncoding = 4; lastKnownFileType = sourcecode.swift; path = CarCell.swift; sourceTree = "<group>"; };
/* End PBXFileReference section */

/* Begin PBXFrameworksBuildPhase section */
		84B3D21A201098BA00D8547E /* Frameworks */ = {
			isa = PBXFrameworksBuildPhase;
			buildActionMask = 2147483647;
			files = (
				84B3D2362010990400D8547E /* MapKit.framework in Frameworks */,
			);
			runOnlyForDeploymentPostprocessing = 0;
		};
/* End PBXFrameworksBuildPhase section */

/* Begin PBXGroup section */
		415D89742011115400ACA070 /* model */ = {
			isa = PBXGroup;
			children = (
				415D89752011117C00ACA070 /* PlaceMarker.swift */,
			);
			name = model;
			sourceTree = "<group>";
		};
		84B3D214201098BA00D8547E = {
			isa = PBXGroup;
			children = (
				84B3D21F201098BA00D8547E /* LocateCar */,
				84B3D21E201098BA00D8547E /* Products */,
				84B3D2342010990400D8547E /* Frameworks */,
			);
			sourceTree = "<group>";
		};
		84B3D21E201098BA00D8547E /* Products */ = {
			isa = PBXGroup;
			children = (
				84B3D21D201098BA00D8547E /* LocateCar.app */,
			);
			name = Products;
			sourceTree = "<group>";
		};
		84B3D21F201098BA00D8547E /* LocateCar */ = {
			isa = PBXGroup;
			children = (
				415D89742011115400ACA070 /* model */,
				84B3D220201098BA00D8547E /* AppDelegate.swift */,
				84B3D222201098BA00D8547E /* MapViewController.swift */,
				84B3D224201098BA00D8547E /* TableViewController.swift */,
				84B3D226201098BA00D8547E /* Main.storyboard */,
				84B3D229201098BA00D8547E /* Assets.xcassets */,
				84B3D22B201098BA00D8547E /* LaunchScreen.storyboard */,
				84B3D22E201098BB00D8547E /* Info.plist */,
				84B3D23720109BF000D8547E /* CarCell.swift */,
				415D89722010E92400ACA070 /* CarLocationPin.swift */,
				415D8977201127C900ACA070 /* PlaceMarkersController.swift */,
			);
			path = LocateCar;
			sourceTree = "<group>";
		};
		84B3D2342010990400D8547E /* Frameworks */ = {
			isa = PBXGroup;
			children = (
				84B3D2352010990400D8547E /* MapKit.framework */,
			);
			name = Frameworks;
			sourceTree = "<group>";
		};
/* End PBXGroup section */

/* Begin PBXNativeTarget section */
		84B3D21C201098BA00D8547E /* LocateCar */ = {
			isa = PBXNativeTarget;
			buildConfigurationList = 84B3D231201098BB00D8547E /* Build configuration list for PBXNativeTarget "LocateCar" */;
			buildPhases = (
				84B3D219201098BA00D8547E /* Sources */,
				84B3D21A201098BA00D8547E /* Frameworks */,
				84B3D21B201098BA00D8547E /* Resources */,
			);
			buildRules = (
			);
			dependencies = (
			);
			name = LocateCar;
			productName = LocateCar;
			productReference = 84B3D21D201098BA00D8547E /* LocateCar.app */;
			productType = "com.apple.product-type.application";
		};
/* End PBXNativeTarget section */

/* Begin PBXProject section */
		84B3D215201098BA00D8547E /* Project object */ = {
			isa = PBXProject;
			attributes = {
				LastSwiftUpdateCheck = 0830;
				LastUpgradeCheck = 0830;
				ORGANIZATIONNAME = himelapp;
				TargetAttributes = {
					84B3D21C201098BA00D8547E = {
						CreatedOnToolsVersion = 8.3.3;
						DevelopmentTeam = 68XCA9NG3S;
						ProvisioningStyle = Automatic;
						SystemCapabilities = {
							com.apple.Maps.iOS = {
								enabled = 1;
							};
						};
					};
				};
			};
			buildConfigurationList = 84B3D218201098BA00D8547E /* Build configuration list for PBXProject "LocateCar" */;
			compatibilityVersion = "Xcode 3.2";
			developmentRegion = English;
			hasScannedForEncodings = 0;
			knownRegions = (
				en,
				Base,
			);
			mainGroup = 84B3D214201098BA00D8547E;
			productRefGroup = 84B3D21E201098BA00D8547E /* Products */;
			projectDirPath = "";
			projectRoot = "";
			targets = (
				84B3D21C201098BA00D8547E /* LocateCar */,
			);
		};
/* End PBXProject section */

/* Begin PBXResourcesBuildPhase section */
		84B3D21B201098BA00D8547E /* Resources */ = {
			isa = PBXResourcesBuildPhase;
			buildActionMask = 2147483647;
			files = (
				84B3D22D201098BA00D8547E /* LaunchScreen.storyboard in Resources */,
				84B3D22A201098BA00D8547E /* Assets.xcassets in Resources */,
				84B3D228201098BA00D8547E /* Main.storyboard in Resources */,
			);
			runOnlyForDeploymentPostprocessing = 0;
		};
/* End PBXResourcesBuildPhase section */

/* Begin PBXSourcesBuildPhase section */
		84B3D219201098BA00D8547E /* Sources */ = {
			isa = PBXSourcesBuildPhase;
			buildActionMask = 2147483647;
			files = (
				415D8978201127C900ACA070 /* PlaceMarkersController.swift in Sources */,
				84B3D225201098BA00D8547E /* TableViewController.swift in Sources */,
				84B3D221201098BA00D8547E /* AppDelegate.swift in Sources */,
				84B3D23820109BF000D8547E /* CarCell.swift in Sources */,
				415D89762011117C00ACA070 /* PlaceMarker.swift in Sources */,
				84B3D223201098BA00D8547E /* MapViewController.swift in Sources */,
				415D89732010E92400ACA070 /* CarLocationPin.swift in Sources */,
			);
			runOnlyForDeploymentPostprocessing = 0;
		};
/* End PBXSourcesBuildPhase section */

/* Begin PBXVariantGroup section */
		84B3D226201098BA00D8547E /* Main.storyboard */ = {
			isa = PBXVariantGroup;
			children = (
				84B3D227201098BA00D8547E /* Base */,
			);
			name = Main.storyboard;
			sourceTree = "<group>";
		};
		84B3D22B201098BA00D8547E /* LaunchScreen.storyboard */ = {
			isa = PBXVariantGroup;
			children = (
				84B3D22C201098BA00D8547E /* Base */,
			);
			name = LaunchScreen.storyboard;
			sourceTree = "<group>";
		};
/* End PBXVariantGroup section */

/* Begin XCBuildConfiguration section */
		84B3D22F201098BB00D8547E /* Debug */ = {
			isa = XCBuildConfiguration;
			buildSettings = {
				ALWAYS_SEARCH_USER_PATHS = NO;
				CLANG_ANALYZER_NONNULL = YES;
				CLANG_ANALYZER_NUMBER_OBJECT_CONVERSION = YES_AGGRESSIVE;
				CLANG_CXX_LANGUAGE_STANDARD = "gnu++0x";
				CLANG_CXX_LIBRARY = "libc++";
				CLANG_ENABLE_MODULES = YES;
				CLANG_ENABLE_OBJC_ARC = YES;
				CLANG_WARN_BOOL_CONVERSION = YES;
				CLANG_WARN_CONSTANT_CONVERSION = YES;
				CLANG_WARN_DIRECT_OBJC_ISA_USAGE = YES_ERROR;
				CLANG_WARN_DOCUMENTATION_COMMENTS = YES;
				CLANG_WARN_EMPTY_BODY = YES;
				CLANG_WARN_ENUM_CONVERSION = YES;
				CLANG_WARN_INFINITE_RECURSION = YES;
				CLANG_WARN_INT_CONVERSION = YES;
				CLANG_WARN_OBJC_ROOT_CLASS = YES_ERROR;
				CLANG_WARN_SUSPICIOUS_MOVE = YES;
				CLANG_WARN_UNREACHABLE_CODE = YES;
				CLANG_WARN__DUPLICATE_METHOD_MATCH = YES;
				"CODE_SIGN_IDENTITY[sdk=iphoneos*]" = "iPhone Developer";
				COPY_PHASE_STRIP = NO;
				DEBUG_INFORMATION_FORMAT = dwarf;
				ENABLE_STRICT_OBJC_MSGSEND = YES;
				ENABLE_TESTABILITY = YES;
				GCC_C_LANGUAGE_STANDARD = gnu99;
				GCC_DYNAMIC_NO_PIC = NO;
				GCC_NO_COMMON_BLOCKS = YES;
				GCC_OPTIMIZATION_LEVEL = 0;
				GCC_PREPROCESSOR_DEFINITIONS = (
					"DEBUG=1",
					"$(inherited)",
				);
				GCC_WARN_64_TO_32_BIT_CONVERSION = YES;
				GCC_WARN_ABOUT_RETURN_TYPE = YES_ERROR;
				GCC_WARN_UNDECLARED_SELECTOR = YES;
				GCC_WARN_UNINITIALIZED_AUTOS = YES_AGGRESSIVE;
				GCC_WARN_UNUSED_FUNCTION = YES;
				GCC_WARN_UNUSED_VARIABLE = YES;
				IPHONEOS_DEPLOYMENT_TARGET = 10.3;
				MTL_ENABLE_DEBUG_INFO = YES;
				ONLY_ACTIVE_ARCH = YES;
				SDKROOT = iphoneos;
				SWIFT_ACTIVE_COMPILATION_CONDITIONS = DEBUG;
				SWIFT_OPTIMIZATION_LEVEL = "-Onone";
				TARGETED_DEVICE_FAMILY = "1,2";
			};
			name = Debug;
		};
		84B3D230201098BB00D8547E /* Release */ = {
			isa = XCBuildConfiguration;
			buildSettings = {
				ALWAYS_SEARCH_USER_PATHS = NO;
				CLANG_ANALYZER_NONNULL = YES;
				CLANG_ANALYZER_NUMBER_OBJECT_CONVERSION = YES_AGGRESSIVE;
				CLANG_CXX_LANGUAGE_STANDARD = "gnu++0x";
				CLANG_CXX_LIBRARY = "libc++";
				CLANG_ENABLE_MODULES = YES;
				CLANG_ENABLE_OBJC_ARC = YES;
				CLANG_WARN_BOOL_CONVERSION = YES;
				CLANG_WARN_CONSTANT_CONVERSION = YES;
				CLANG_WARN_DIRECT_OBJC_ISA_USAGE = YES_ERROR;
				CLANG_WARN_DOCUMENTATION_COMMENTS = YES;
				CLANG_WARN_EMPTY_BODY = YES;
				CLANG_WARN_ENUM_CONVERSION = YES;
				CLANG_WARN_INFINITE_RECURSION = YES;
				CLANG_WARN_INT_CONVERSION = YES;
				CLANG_WARN_OBJC_ROOT_CLASS = YES_ERROR;
				CLANG_WARN_SUSPICIOUS_MOVE = YES;
				CLANG_WARN_UNREACHABLE_CODE = YES;
				CLANG_WARN__DUPLICATE_METHOD_MATCH = YES;
				"CODE_SIGN_IDENTITY[sdk=iphoneos*]" = "iPhone Developer";
				COPY_PHASE_STRIP = NO;
				DEBUG_INFORMATION_FORMAT = "dwarf-with-dsym";
				ENABLE_NS_ASSERTIONS = NO;
				ENABLE_STRICT_OBJC_MSGSEND = YES;
				GCC_C_LANGUAGE_STANDARD = gnu99;
				GCC_NO_COMMON_BLOCKS = YES;
				GCC_WARN_64_TO_32_BIT_CONVERSION = YES;
				GCC_WARN_ABOUT_RETURN_TYPE = YES_ERROR;
				GCC_WARN_UNDECLARED_SELECTOR = YES;
				GCC_WARN_UNINITIALIZED_AUTOS = YES_AGGRESSIVE;
				GCC_WARN_UNUSED_FUNCTION = YES;
				GCC_WARN_UNUSED_VARIABLE = YES;
				IPHONEOS_DEPLOYMENT_TARGET = 10.3;
				MTL_ENABLE_DEBUG_INFO = NO;
				SDKROOT = iphoneos;
				SWIFT_OPTIMIZATION_LEVEL = "-Owholemodule";
				TARGETED_DEVICE_FAMILY = "1,2";
				VALIDATE_PRODUCT = YES;
			};
			name = Release;
		};
		84B3D232201098BB00D8547E /* Debug */ = {
			isa = XCBuildConfiguration;
			buildSettings = {
				ASSETCATALOG_COMPILER_APPICON_NAME = AppIcon;
				DEVELOPMENT_TEAM = 68XCA9NG3S;
				INFOPLIST_FILE = LocateCar/Info.plist;
				LD_RUNPATH_SEARCH_PATHS = "$(inherited) @executable_path/Frameworks";
				PRODUCT_BUNDLE_IDENTIFIER = com.himelapp.LocateCar;
				PRODUCT_NAME = "$(TARGET_NAME)";
				SWIFT_VERSION = 3.0;
			};
			name = Debug;
		};
		84B3D233201098BB00D8547E /* Release */ = {
			isa = XCBuildConfiguration;
			buildSettings = {
				ASSETCATALOG_COMPILER_APPICON_NAME = AppIcon;
				DEVELOPMENT_TEAM = 68XCA9NG3S;
				INFOPLIST_FILE = LocateCar/Info.plist;
				LD_RUNPATH_SEARCH_PATHS = "$(inherited) @executable_path/Frameworks";
				PRODUCT_BUNDLE_IDENTIFIER = com.himelapp.LocateCar;
				PRODUCT_NAME = "$(TARGET_NAME)";
				SWIFT_VERSION = 3.0;
			};
			name = Release;
		};
/* End XCBuildConfiguration section */

/* Begin XCConfigurationList section */
		84B3D218201098BA00D8547E /* Build configuration list for PBXProject "LocateCar" */ = {
			isa = XCConfigurationList;
			buildConfigurations = (
				84B3D22F201098BB00D8547E /* Debug */,
				84B3D230201098BB00D8547E /* Release */,
			);
			defaultConfigurationIsVisible = 0;
			defaultConfigurationName = Release;
		};
		84B3D231201098BB00D8547E /* Build configuration list for PBXNativeTarget "LocateCar" */ = {
			isa = XCConfigurationList;
			buildConfigurations = (
				84B3D232201098BB00D8547E /* Debug */,
				84B3D233201098BB00D8547E /* Release */,
			);
			defaultConfigurationIsVisible = 0;
			defaultConfigurationName = Release;
		};
/* End XCConfigurationList section */
	};
	rootObject = 84B3D215201098BA00D8547E /* Project object */;
}
